
Microsoft Visual Studio Solution File, Format Version 12.00
# Visual Studio 15
VisualStudioVersion = 15.0.28307.1758
MinimumVisualStudioVersion = 10.0.40219.1
Project("{FAE04EC0-301F-11D3-BF4B-00C04F79EFBC}") = "cis297w2022Assign1", "cis297w2022Assign1\cis297w2022Assign1.csproj", "{E885AC7B-C583-4319-9B57-40C8DE00A8D9}"
EndProject
Global
	GlobalSection(SolutionConfigurationPlatforms) = preSolution
		Debug|Any CPU = Debug|Any CPU
		Release|Any CPU = Release|Any CPU
	EndGlobalSection
	GlobalSection(ProjectConfigurationPlatforms) = postSolution
		{E885AC7B-C583-4319-9B57-40C8DE00A8D9}.Debug|Any CPU.ActiveCfg = Debug|Any CPU
		{E885AC7B-C583-4319-9B57-40C8DE00A8D9}.Debug|Any CPU.Build.0 = Debug|Any CPU
		{E885AC7B-C583-4319-9B57-40C8DE00A8D9}.Release|Any CPU.ActiveCfg = Release|Any CPU
		{E885AC7B-C583-4319-9B57-40C8DE00A8D9}.Release|Any CPU.Build.0 = Release|Any CPU
	EndGlobalSection
	GlobalSection(SolutionProperties) = preSolution
		HideSolutionNode = FALSE
	EndGlobalSection
	GlobalSection(ExtensibilityGlobals) = postSolution
		SolutionGuid = {507D111E-9796-414C-A373-7F41E58ACEC7}
	EndGlobalSection
EndGlobal
